
Microsoft Visual Studio Solution File, Format Version 12.00
# Visual Studio 15
VisualStudioVersion = 15.0.25920.0
MinimumVisualStudioVersion = 10.0.40219.1
Project("{FAE04EC0-301F-11D3-BF4B-00C04F79EFBC}") = "01.LeapYear", "01.LeapYear\01.LeapYear.csproj", "{BCBA608D-7191-41E4-BC31-341BD68E9519}"
EndProject
Project("{FAE04EC0-301F-11D3-BF4B-00C04F79EFBC}") = "02.RandomNumbers", "02.RandomNumbers\02.RandomNumbers.csproj", "{8166C017-09A9-400E-BDAD-B16B759EE3EA}"
EndProject
Project("{FAE04EC0-301F-11D3-BF4B-00C04F79EFBC}") = "03.DayOfWeek", "03.DayOfWeek\03.DayOfWeek.csproj", "{E11005DC-85FF-4DFB-8120-96A5B6CFD0BC}"
EndProject
Project("{FAE04EC0-301F-11D3-BF4B-00C04F79EFBC}") = "04.TriangleSurfaceBySideAndAltitude", "04.TriangleSurfaceBySideAndAltitude\04.TriangleSurfaceBySideAndAltitude.csproj", "{D3FA799C-A457-4E3C-8235-AA930F29D975}"
EndProject
Project("{FAE04EC0-301F-11D3-BF4B-00C04F79EFBC}") = "05.TriangleSurfaceByThreeSides", "05.TriangleSurfaceByThreeSides\05.TriangleSurfaceByThreeSides.csproj", "{A57A8453-DC75-43D9-AD38-72BD14F78198}"
EndProject
Project("{FAE04EC0-301F-11D3-BF4B-00C04F79EFBC}") = "06.TriangleSurfaceByTwoSidesAndAnAngle", "TriangleSurfaceByTwoSidesAndAnAngle\06.TriangleSurfaceByTwoSidesAndAnAngle.csproj", "{64F6D450-9037-45F5-826D-84EC93456B43}"
EndProject
Project("{FAE04EC0-301F-11D3-BF4B-00C04F79EFBC}") = "08.ArithmeticalExpressions", "ArithmeticalExpressions\08.ArithmeticalExpressions.csproj", "{F904ADB6-E933-4D51-9046-74F8A881BBDE}"
EndProject
Global
	GlobalSection(SolutionConfigurationPlatforms) = preSolution
		Debug|Any CPU = Debug|Any CPU
		Release|Any CPU = Release|Any CPU
	EndGlobalSection
	GlobalSection(ProjectConfigurationPlatforms) = postSolution
		{BCBA608D-7191-41E4-BC31-341BD68E9519}.Debug|Any CPU.ActiveCfg = Debug|Any CPU
		{BCBA608D-7191-41E4-BC31-341BD68E9519}.Debug|Any CPU.Build.0 = Debug|Any CPU
		{BCBA608D-7191-41E4-BC31-341BD68E9519}.Release|Any CPU.ActiveCfg = Release|Any CPU
		{BCBA608D-7191-41E4-BC31-341BD68E9519}.Release|Any CPU.Build.0 = Release|Any CPU
		{8166C017-09A9-400E-BDAD-B16B759EE3EA}.Debug|Any CPU.ActiveCfg = Debug|Any CPU
		{8166C017-09A9-400E-BDAD-B16B759EE3EA}.Debug|Any CPU.Build.0 = Debug|Any CPU
		{8166C017-09A9-400E-BDAD-B16B759EE3EA}.Release|Any CPU.ActiveCfg = Release|Any CPU
		{8166C017-09A9-400E-BDAD-B16B759EE3EA}.Release|Any CPU.Build.0 = Release|Any CPU
		{E11005DC-85FF-4DFB-8120-96A5B6CFD0BC}.Debug|Any CPU.ActiveCfg = Debug|Any CPU
		{E11005DC-85FF-4DFB-8120-96A5B6CFD0BC}.Debug|Any CPU.Build.0 = Debug|Any CPU
		{E11005DC-85FF-4DFB-8120-96A5B6CFD0BC}.Release|Any CPU.ActiveCfg = Release|Any CPU
		{E11005DC-85FF-4DFB-8120-96A5B6CFD0BC}.Release|Any CPU.Build.0 = Release|Any CPU
		{D3FA799C-A457-4E3C-8235-AA930F29D975}.Debug|Any CPU.ActiveCfg = Debug|Any CPU
		{D3FA799C-A457-4E3C-8235-AA930F29D975}.Debug|Any CPU.Build.0 = Debug|Any CPU
		{D3FA799C-A457-4E3C-8235-AA930F29D975}.Release|Any CPU.ActiveCfg = Release|Any CPU
		{D3FA799C-A457-4E3C-8235-AA930F29D975}.Release|Any CPU.Build.0 = Release|Any CPU
		{A57A8453-DC75-43D9-AD38-72BD14F78198}.Debug|Any CPU.ActiveCfg = Debug|Any CPU
		{A57A8453-DC75-43D9-AD38-72BD14F78198}.Debug|Any CPU.Build.0 = Debug|Any CPU
		{A57A8453-DC75-43D9-AD38-72BD14F78198}.Release|Any CPU.ActiveCfg = Release|Any CPU
		{A57A8453-DC75-43D9-AD38-72BD14F78198}.Release|Any CPU.Build.0 = Release|Any CPU
		{64F6D450-9037-45F5-826D-84EC93456B43}.Debug|Any CPU.ActiveCfg = Debug|Any CPU
		{64F6D450-9037-45F5-826D-84EC93456B43}.Debug|Any CPU.Build.0 = Debug|Any CPU
		{64F6D450-9037-45F5-826D-84EC93456B43}.Release|Any CPU.ActiveCfg = Release|Any CPU
		{64F6D450-9037-45F5-826D-84EC93456B43}.Release|Any CPU.Build.0 = Release|Any CPU
		{F904ADB6-E933-4D51-9046-74F8A881BBDE}.Debug|Any CPU.ActiveCfg = Debug|Any CPU
		{F904ADB6-E933-4D51-9046-74F8A881BBDE}.Debug|Any CPU.Build.0 = Debug|Any CPU
		{F904ADB6-E933-4D51-9046-74F8A881BBDE}.Release|Any CPU.ActiveCfg = Release|Any CPU
		{F904ADB6-E933-4D51-9046-74F8A881BBDE}.Release|Any CPU.Build.0 = Release|Any CPU
	EndGlobalSection
	GlobalSection(SolutionProperties) = preSolution
		HideSolutionNode = FALSE
	EndGlobalSection
EndGlobal
